
Microsoft Visual Studio Solution File, Format Version 12.00
# Visual Studio 15
VisualStudioVersion = 15.0.28307.645
MinimumVisualStudioVersion = 10.0.40219.1
Project("{2150E333-8FDC-42A3-9474-1A3956D46DE8}") = "Test", "Test", "{E304DFA5-402F-4C46-885C-E873A60725F8}"
EndProject
Project("{FAE04EC0-301F-11D3-BF4B-00C04F79EFBC}") = "MailSender", "MailSender\MailSender.csproj", "{D59F1659-A2EC-4275-BBC7-2B15406C2483}"
EndProject
Project("{FAE04EC0-301F-11D3-BF4B-00C04F79EFBC}") = "MailSender.ConsoleTest", "Test\MailSender.ConsoleTest\MailSender.ConsoleTest.csproj", "{B87390BD-8923-4513-B1B9-CCF4BBB8FB93}"
EndProject
Project("{FAE04EC0-301F-11D3-BF4B-00C04F79EFBC}") = "MailSenderWPFTest", "MailSenderWPFTest\MailSenderWPFTest.csproj", "{2337120B-9B6A-46ED-BCB7-07F03FB536C3}"
EndProject
Project("{FAE04EC0-301F-11D3-BF4B-00C04F79EFBC}") = "MailSenderLib", "MailSenderLib\MailSenderLib.csproj", "{640AC737-EA16-4393-9E80-CFFB9E469644}"
EndProject
Project("{FAE04EC0-301F-11D3-BF4B-00C04F79EFBC}") = "MailSenderLib.Test", "Test\MailSenderLib.Test\MailSenderLib.Test.csproj", "{9270D7C8-B508-48ED-8323-32167BE32A3F}"
EndProject
Project("{FAE04EC0-301F-11D3-BF4B-00C04F79EFBC}") = "TestLib", "Test\TestLib\TestLib.csproj", "{F1E33647-C6A0-4CAB-B885-3EF90F883D09}"
EndProject
Project("{FAE04EC0-301F-11D3-BF4B-00C04F79EFBC}") = "MailSenderPlugin", "MailSenderPlugin\MailSenderPlugin.csproj", "{A8535205-887E-4F75-AE63-DECE5690EFB8}"
EndProject
Global
	GlobalSection(SolutionConfigurationPlatforms) = preSolution
		Debug|Any CPU = Debug|Any CPU
		Release|Any CPU = Release|Any CPU
	EndGlobalSection
	GlobalSection(ProjectConfigurationPlatforms) = postSolution
		{D59F1659-A2EC-4275-BBC7-2B15406C2483}.Debug|Any CPU.ActiveCfg = Debug|Any CPU
		{D59F1659-A2EC-4275-BBC7-2B15406C2483}.Debug|Any CPU.Build.0 = Debug|Any CPU
		{D59F1659-A2EC-4275-BBC7-2B15406C2483}.Release|Any CPU.ActiveCfg = Release|Any CPU
		{D59F1659-A2EC-4275-BBC7-2B15406C2483}.Release|Any CPU.Build.0 = Release|Any CPU
		{B87390BD-8923-4513-B1B9-CCF4BBB8FB93}.Debug|Any CPU.ActiveCfg = Debug|Any CPU
		{B87390BD-8923-4513-B1B9-CCF4BBB8FB93}.Debug|Any CPU.Build.0 = Debug|Any CPU
		{B87390BD-8923-4513-B1B9-CCF4BBB8FB93}.Release|Any CPU.ActiveCfg = Release|Any CPU
		{B87390BD-8923-4513-B1B9-CCF4BBB8FB93}.Release|Any CPU.Build.0 = Release|Any CPU
		{2337120B-9B6A-46ED-BCB7-07F03FB536C3}.Debug|Any CPU.ActiveCfg = Debug|Any CPU
		{2337120B-9B6A-46ED-BCB7-07F03FB536C3}.Debug|Any CPU.Build.0 = Debug|Any CPU
		{2337120B-9B6A-46ED-BCB7-07F03FB536C3}.Release|Any CPU.ActiveCfg = Release|Any CPU
		{2337120B-9B6A-46ED-BCB7-07F03FB536C3}.Release|Any CPU.Build.0 = Release|Any CPU
		{640AC737-EA16-4393-9E80-CFFB9E469644}.Debug|Any CPU.ActiveCfg = Debug|Any CPU
		{640AC737-EA16-4393-9E80-CFFB9E469644}.Debug|Any CPU.Build.0 = Debug|Any CPU
		{640AC737-EA16-4393-9E80-CFFB9E469644}.Release|Any CPU.ActiveCfg = Release|Any CPU
		{640AC737-EA16-4393-9E80-CFFB9E469644}.Release|Any CPU.Build.0 = Release|Any CPU
		{9270D7C8-B508-48ED-8323-32167BE32A3F}.Debug|Any CPU.ActiveCfg = Debug|Any CPU
		{9270D7C8-B508-48ED-8323-32167BE32A3F}.Debug|Any CPU.Build.0 = Debug|Any CPU
		{9270D7C8-B508-48ED-8323-32167BE32A3F}.Release|Any CPU.ActiveCfg = Release|Any CPU
		{9270D7C8-B508-48ED-8323-32167BE32A3F}.Release|Any CPU.Build.0 = Release|Any CPU
		{F1E33647-C6A0-4CAB-B885-3EF90F883D09}.Debug|Any CPU.ActiveCfg = Debug|Any CPU
		{F1E33647-C6A0-4CAB-B885-3EF90F883D09}.Debug|Any CPU.Build.0 = Debug|Any CPU
		{F1E33647-C6A0-4CAB-B885-3EF90F883D09}.Release|Any CPU.ActiveCfg = Release|Any CPU
		{F1E33647-C6A0-4CAB-B885-3EF90F883D09}.Release|Any CPU.Build.0 = Release|Any CPU
		{A8535205-887E-4F75-AE63-DECE5690EFB8}.Debug|Any CPU.ActiveCfg = Debug|Any CPU
		{A8535205-887E-4F75-AE63-DECE5690EFB8}.Debug|Any CPU.Build.0 = Debug|Any CPU
		{A8535205-887E-4F75-AE63-DECE5690EFB8}.Release|Any CPU.ActiveCfg = Release|Any CPU
		{A8535205-887E-4F75-AE63-DECE5690EFB8}.Release|Any CPU.Build.0 = Release|Any CPU
	EndGlobalSection
	GlobalSection(SolutionProperties) = preSolution
		HideSolutionNode = FALSE
	EndGlobalSection
	GlobalSection(NestedProjects) = preSolution
		{B87390BD-8923-4513-B1B9-CCF4BBB8FB93} = {E304DFA5-402F-4C46-885C-E873A60725F8}
		{2337120B-9B6A-46ED-BCB7-07F03FB536C3} = {E304DFA5-402F-4C46-885C-E873A60725F8}
		{9270D7C8-B508-48ED-8323-32167BE32A3F} = {E304DFA5-402F-4C46-885C-E873A60725F8}
		{F1E33647-C6A0-4CAB-B885-3EF90F883D09} = {E304DFA5-402F-4C46-885C-E873A60725F8}
	EndGlobalSection
	GlobalSection(ExtensibilityGlobals) = postSolution
		SolutionGuid = {4104B58C-17EA-4154-B991-71E639824104}
	EndGlobalSection
EndGlobal
